
Microsoft Visual Studio Solution File, Format Version 12.00
# Visual Studio Version 16
VisualStudioVersion = 16.0.31911.196
MinimumVisualStudioVersion = 10.0.40219.1
Project("{8BC9CEB8-8B4A-11D0-8D11-00A0C91BC942}") = "cuda", "cuda.vcxproj", "{42908DF1-2D95-463D-BB2F-CB4DF1C20930}"
EndProject
Global
	GlobalSection(SolutionConfigurationPlatforms) = preSolution
		Debug|x64 = Debug|x64
		Release|x64 = Release|x64
	EndGlobalSection
	GlobalSection(ProjectConfigurationPlatforms) = postSolution
		{42908DF1-2D95-463D-BB2F-CB4DF1C20930}.Debug|x64.ActiveCfg = Debug|x64
		{42908DF1-2D95-463D-BB2F-CB4DF1C20930}.Debug|x64.Build.0 = Debug|x64
		{42908DF1-2D95-463D-BB2F-CB4DF1C20930}.Release|x64.ActiveCfg = Release|x64
		{42908DF1-2D95-463D-BB2F-CB4DF1C20930}.Release|x64.Build.0 = Release|x64
	EndGlobalSection
	GlobalSection(SolutionProperties) = preSolution
		HideSolutionNode = FALSE
	EndGlobalSection
	GlobalSection(ExtensibilityGlobals) = postSolution
		SolutionGuid = {580AADE2-B685-4BD3-B6FD-42548C6967AD}
	EndGlobalSection
EndGlobal
